<?xml version="1.0" encoding="UTF-8"?>
<Project ToolsVersion="14.0" xmlns="http://schemas.microsoft.com/developer/msbuild/2003">
  <ItemGroup>
    <ClCompile Include="C:\Users\Jerrod\Documents\Noggit3Git\src\Alphamap.cpp">
      <Filter>Source Files</Filter>
    </ClCompile>
    <ClCompile Include="C:\Users\Jerrod\Documents\Noggit3Git\src\AsyncLoader.cpp">
      <Filter>Source Files</Filter>
    </ClCompile>
    <ClCompile Include="C:\Users\Jerrod\Documents\Noggit3Git\src\Brush.cpp">
      <Filter>Source Files</Filter>
    </ClCompile>
    <ClCompile Include="C:\Users\Jerrod\Documents\Noggit3Git\src\ChunkWater.cpp">
      <Filter>Source Files</Filter>
    </ClCompile>
    <ClCompile Include="C:\Users\Jerrod\Documents\Noggit3Git\src\ConfigFile.cpp">
      <Filter>Source Files</Filter>
    </ClCompile>
    <ClCompile Include="C:\Users\Jerrod\Documents\Noggit3Git\src\DBC.cpp">
      <Filter>Source Files</Filter>
    </ClCompile>
    <ClCompile Include="C:\Users\Jerrod\Documents\Noggit3Git\src\DBCFile.cpp">
      <Filter>Source Files</Filter>
    </ClCompile>
    <ClCompile Include="C:\Users\Jerrod\Documents\Noggit3Git\src\Directory.cpp">
      <Filter>Source Files</Filter>
    </ClCompile>
    <ClCompile Include="C:\Users\Jerrod\Documents\Noggit3Git\src\Environment.cpp">
      <Filter>Source Files</Filter>
    </ClCompile>
    <ClCompile Include="C:\Users\Jerrod\Documents\Noggit3Git\src\FreeType.cpp">
      <Filter>Source Files</Filter>
    </ClCompile>
    <ClCompile Include="C:\Users\Jerrod\Documents\Noggit3Git\src\Frustum.cpp">
      <Filter>Source Files</Filter>
    </ClCompile>
    <ClCompile Include="C:\Users\Jerrod\Documents\Noggit3Git\src\Liquid.cpp">
      <Filter>Source Files</Filter>
    </ClCompile>
    <ClCompile Include="C:\Users\Jerrod\Documents\Noggit3Git\src\Log.cpp">
      <Filter>Source Files</Filter>
    </ClCompile>
    <ClCompile Include="C:\Users\Jerrod\Documents\Noggit3Git\src\MPQ.cpp">
      <Filter>Source Files</Filter>
    </ClCompile>
    <ClCompile Include="C:\Users\Jerrod\Documents\Noggit3Git\src\MapChunk.cpp">
      <Filter>Source Files</Filter>
    </ClCompile>
    <ClCompile Include="C:\Users\Jerrod\Documents\Noggit3Git\src\MapIndex.cpp">
      <Filter>Source Files</Filter>
    </ClCompile>
    <ClCompile Include="C:\Users\Jerrod\Documents\Noggit3Git\src\MapTile.cpp">
      <Filter>Source Files</Filter>
    </ClCompile>
    <ClCompile Include="C:\Users\Jerrod\Documents\Noggit3Git\src\MapView.cpp">
      <Filter>Source Files</Filter>
    </ClCompile>
    <ClCompile Include="C:\Users\Jerrod\Documents\Noggit3Git\src\Menu.cpp">
      <Filter>Source Files</Filter>
    </ClCompile>
    <ClCompile Include="C:\Users\Jerrod\Documents\Noggit3Git\src\Misc.cpp">
      <Filter>Source Files</Filter>
    </ClCompile>
    <ClCompile Include="C:\Users\Jerrod\Documents\Noggit3Git\src\Model.cpp">
      <Filter>Source Files</Filter>
    </ClCompile>
    <ClCompile Include="C:\Users\Jerrod\Documents\Noggit3Git\src\ModelInstance.cpp">
      <Filter>Source Files</Filter>
    </ClCompile>
    <ClCompile Include="C:\Users\Jerrod\Documents\Noggit3Git\src\ModelManager.cpp">
      <Filter>Source Files</Filter>
    </ClCompile>
    <ClCompile Include="C:\Users\Jerrod\Documents\Noggit3Git\src\Noggit.cpp">
      <Filter>Source Files</Filter>
    </ClCompile>
    <ClCompile Include="C:\Users\Jerrod\Documents\Noggit3Git\src\Particle.cpp">
      <Filter>Source Files</Filter>
    </ClCompile>
    <ClCompile Include="C:\Users\Jerrod\Documents\Noggit3Git\src\Project.cpp">
      <Filter>Source Files</Filter>
    </ClCompile>
    <ClCompile Include="C:\Users\Jerrod\Documents\Noggit3Git\src\Selection.cpp">
      <Filter>Source Files</Filter>
    </ClCompile>
    <ClCompile Include="C:\Users\Jerrod\Documents\Noggit3Git\src\Settings.cpp">
      <Filter>Source Files</Filter>
    </ClCompile>
    <ClCompile Include="C:\Users\Jerrod\Documents\Noggit3Git\src\Shaders.cpp">
      <Filter>Source Files</Filter>
    </ClCompile>
    <ClCompile Include="C:\Users\Jerrod\Documents\Noggit3Git\src\Sky.cpp">
      <Filter>Source Files</Filter>
    </ClCompile>
    <ClCompile Include="C:\Users\Jerrod\Documents\Noggit3Git\src\StateMachine.cpp">
      <Filter>Source Files</Filter>
    </ClCompile>
    <ClCompile Include="C:\Users\Jerrod\Documents\Noggit3Git\src\TextureManager.cpp">
      <Filter>Source Files</Filter>
    </ClCompile>
    <ClCompile Include="C:\Users\Jerrod\Documents\Noggit3Git\src\TextureSet.cpp">
      <Filter>Source Files</Filter>
    </ClCompile>
    <ClCompile Include="C:\Users\Jerrod\Documents\Noggit3Git\src\TileWater.cpp">
      <Filter>Source Files</Filter>
    </ClCompile>
    <ClCompile Include="C:\Users\Jerrod\Documents\Noggit3Git\src\UIAbout.cpp">
      <Filter>Source Files</Filter>
    </ClCompile>
    <ClCompile Include="C:\Users\Jerrod\Documents\Noggit3Git\src\UIAlphamap.cpp">
      <Filter>Source Files</Filter>
    </ClCompile>
    <ClCompile Include="C:\Users\Jerrod\Documents\Noggit3Git\src\UIAppInfo.cpp">
      <Filter>Source Files</Filter>
    </ClCompile>
    <ClCompile Include="C:\Users\Jerrod\Documents\Noggit3Git\src\UIButton.cpp">
      <Filter>Source Files</Filter>
    </ClCompile>
    <ClCompile Include="C:\Users\Jerrod\Documents\Noggit3Git\src\UICapsWarning.cpp">
      <Filter>Source Files</Filter>
    </ClCompile>
    <ClCompile Include="C:\Users\Jerrod\Documents\Noggit3Git\src\UICheckBox.cpp">
      <Filter>Source Files</Filter>
    </ClCompile>
    <ClCompile Include="C:\Users\Jerrod\Documents\Noggit3Git\src\UICloseWindow.cpp">
      <Filter>Source Files</Filter>
    </ClCompile>
    <ClCompile Include="C:\Users\Jerrod\Documents\Noggit3Git\src\UICurrentTexture.cpp">
      <Filter>Source Files</Filter>
    </ClCompile>
    <ClCompile Include="C:\Users\Jerrod\Documents\Noggit3Git\src\UICursorSwitcher.cpp">
      <Filter>Source Files</Filter>
    </ClCompile>
    <ClCompile Include="C:\Users\Jerrod\Documents\Noggit3Git\src\UIDetailInfos.cpp">
      <Filter>Source Files</Filter>
    </ClCompile>
    <ClCompile Include="C:\Users\Jerrod\Documents\Noggit3Git\src\UIDoodadSpawner.cpp">
      <Filter>Source Files</Filter>
    </ClCompile>
    <ClCompile Include="C:\Users\Jerrod\Documents\Noggit3Git\src\UIExitWarning.cpp">
      <Filter>Source Files</Filter>
    </ClCompile>
    <ClCompile Include="C:\Users\Jerrod\Documents\Noggit3Git\src\UIFrame.cpp">
      <Filter>Source Files</Filter>
    </ClCompile>
    <ClCompile Include="C:\Users\Jerrod\Documents\Noggit3Git\src\UIGradient.cpp">
      <Filter>Source Files</Filter>
    </ClCompile>
    <ClCompile Include="C:\Users\Jerrod\Documents\Noggit3Git\src\UIHelp.cpp">
      <Filter>Source Files</Filter>
    </ClCompile>
    <ClCompile Include="C:\Users\Jerrod\Documents\Noggit3Git\src\UIHelperModels.cpp">
      <Filter>Source Files</Filter>
    </ClCompile>
    <ClCompile Include="C:\Users\Jerrod\Documents\Noggit3Git\src\UIListView.cpp">
      <Filter>Source Files</Filter>
    </ClCompile>
    <ClCompile Include="C:\Users\Jerrod\Documents\Noggit3Git\src\UIMapViewGUI.cpp">
      <Filter>Source Files</Filter>
    </ClCompile>
    <ClCompile Include="C:\Users\Jerrod\Documents\Noggit3Git\src\UIMenuBar.cpp">
      <Filter>Source Files</Filter>
    </ClCompile>
    <ClCompile Include="C:\Users\Jerrod\Documents\Noggit3Git\src\UIMinimapWindow.cpp">
      <Filter>Source Files</Filter>
    </ClCompile>
    <ClCompile Include="C:\Users\Jerrod\Documents\Noggit3Git\src\UIMinimizeButton.cpp">
      <Filter>Source Files</Filter>
    </ClCompile>
    <ClCompile Include="C:\Users\Jerrod\Documents\Noggit3Git\src\UIModel.cpp">
      <Filter>Source Files</Filter>
    </ClCompile>
    <ClCompile Include="C:\Users\Jerrod\Documents\Noggit3Git\src\UIModelImport.cpp">
      <Filter>Source Files</Filter>
    </ClCompile>
    <ClCompile Include="C:\Users\Jerrod\Documents\Noggit3Git\src\UIModelSelectorFromTxt.cpp">
      <Filter>Source Files</Filter>
    </ClCompile>
    <ClCompile Include="C:\Users\Jerrod\Documents\Noggit3Git\src\UIObjectEditor.cpp">
      <Filter>Source Files</Filter>
    </ClCompile>
    <ClCompile Include="C:\Users\Jerrod\Documents\Noggit3Git\src\UIRotationEditor.cpp">
      <Filter>Source Files</Filter>
    </ClCompile>
    <ClCompile Include="C:\Users\Jerrod\Documents\Noggit3Git\src\UIScrollBar.cpp">
      <Filter>Source Files</Filter>
    </ClCompile>
    <ClCompile Include="C:\Users\Jerrod\Documents\Noggit3Git\src\UIScrollableFrame.cpp">
      <Filter>Source Files</Filter>
    </ClCompile>
    <ClCompile Include="C:\Users\Jerrod\Documents\Noggit3Git\src\UISlider.cpp">
      <Filter>Source Files</Filter>
    </ClCompile>
    <ClCompile Include="C:\Users\Jerrod\Documents\Noggit3Git\src\UIStatusBar.cpp">
      <Filter>Source Files</Filter>
    </ClCompile>
    <ClCompile Include="C:\Users\Jerrod\Documents\Noggit3Git\src\UIText.cpp">
      <Filter>Source Files</Filter>
    </ClCompile>
    <ClCompile Include="C:\Users\Jerrod\Documents\Noggit3Git\src\UITextBox.cpp">
      <Filter>Source Files</Filter>
    </ClCompile>
    <ClCompile Include="C:\Users\Jerrod\Documents\Noggit3Git\src\UITexture.cpp">
      <Filter>Source Files</Filter>
    </ClCompile>
    <ClCompile Include="C:\Users\Jerrod\Documents\Noggit3Git\src\UITexturePicker.cpp">
      <Filter>Source Files</Filter>
    </ClCompile>
    <ClCompile Include="C:\Users\Jerrod\Documents\Noggit3Git\src\UITextureSwitcher.cpp">
      <Filter>Source Files</Filter>
    </ClCompile>
    <ClCompile Include="C:\Users\Jerrod\Documents\Noggit3Git\src\UITexturingGUI.cpp">
      <Filter>Source Files</Filter>
    </ClCompile>
    <ClCompile Include="C:\Users\Jerrod\Documents\Noggit3Git\src\UIToggleGroup.cpp">
      <Filter>Source Files</Filter>
    </ClCompile>
    <ClCompile Include="C:\Users\Jerrod\Documents\Noggit3Git\src\UIToolbar.cpp">
      <Filter>Source Files</Filter>
    </ClCompile>
    <ClCompile Include="C:\Users\Jerrod\Documents\Noggit3Git\src\UIToolbarIcon.cpp">
      <Filter>Source Files</Filter>
    </ClCompile>
    <ClCompile Include="C:\Users\Jerrod\Documents\Noggit3Git\src\UITreeView.cpp">
      <Filter>Source Files</Filter>
    </ClCompile>
    <ClCompile Include="C:\Users\Jerrod\Documents\Noggit3Git\src\UIWater.cpp">
      <Filter>Source Files</Filter>
    </ClCompile>
    <ClCompile Include="C:\Users\Jerrod\Documents\Noggit3Git\src\UIWaterSaveWarning.cpp">
      <Filter>Source Files</Filter>
    </ClCompile>
    <ClCompile Include="C:\Users\Jerrod\Documents\Noggit3Git\src\UIWaterTypeBrowser.cpp">
      <Filter>Source Files</Filter>
    </ClCompile>
    <ClCompile Include="C:\Users\Jerrod\Documents\Noggit3Git\src\UIWindow.cpp">
      <Filter>Source Files</Filter>
    </ClCompile>
    <ClCompile Include="C:\Users\Jerrod\Documents\Noggit3Git\src\UIZoneIDBrowser.cpp">
      <Filter>Source Files</Filter>
    </ClCompile>
    <ClCompile Include="C:\Users\Jerrod\Documents\Noggit3Git\src\Utils.cpp">
      <Filter>Source Files</Filter>
    </ClCompile>
    <ClCompile Include="C:\Users\Jerrod\Documents\Noggit3Git\src\Video.cpp">
      <Filter>Source Files</Filter>
    </ClCompile>
    <ClCompile Include="C:\Users\Jerrod\Documents\Noggit3Git\src\WMO.cpp">
      <Filter>Source Files</Filter>
    </ClCompile>
    <ClCompile Include="C:\Users\Jerrod\Documents\Noggit3Git\src\WMOInstance.cpp">
      <Filter>Source Files</Filter>
    </ClCompile>
    <ClCompile Include="C:\Users\Jerrod\Documents\Noggit3Git\src\World.cpp">
      <Filter>Source Files</Filter>
    </ClCompile>
    <ClCompile Include="C:\Users\Jerrod\Documents\Noggit3Git\include\win\StackWalker.cpp">
      <Filter>Source Files</Filter>
    </ClCompile>
  </ItemGroup>
  <ItemGroup>
    <ClInclude Include="C:\Users\Jerrod\Documents\Noggit3Git\src\Alphamap.h">
      <Filter>Header Files</Filter>
    </ClInclude>
    <ClInclude Include="C:\Users\Jerrod\Documents\Noggit3Git\src\Animated.h">
      <Filter>Header Files</Filter>
    </ClInclude>
    <ClInclude Include="C:\Users\Jerrod\Documents\Noggit3Git\src\AppState.h">
      <Filter>Header Files</Filter>
    </ClInclude>
    <ClInclude Include="C:\Users\Jerrod\Documents\Noggit3Git\src\AsyncLoader.h">
      <Filter>Header Files</Filter>
    </ClInclude>
    <ClInclude Include="C:\Users\Jerrod\Documents\Noggit3Git\src\AsyncObject.h">
      <Filter>Header Files</Filter>
    </ClInclude>
    <ClInclude Include="C:\Users\Jerrod\Documents\Noggit3Git\src\Brush.h">
      <Filter>Header Files</Filter>
    </ClInclude>
    <ClInclude Include="C:\Users\Jerrod\Documents\Noggit3Git\src\ChunkWater.h">
      <Filter>Header Files</Filter>
    </ClInclude>
    <ClInclude Include="C:\Users\Jerrod\Documents\Noggit3Git\src\ConfigFile.h">
      <Filter>Header Files</Filter>
    </ClInclude>
    <ClInclude Include="C:\Users\Jerrod\Documents\Noggit3Git\src\DBC.h">
      <Filter>Header Files</Filter>
    </ClInclude>
    <ClInclude Include="C:\Users\Jerrod\Documents\Noggit3Git\src\DBCFile.h">
      <Filter>Header Files</Filter>
    </ClInclude>
    <ClInclude Include="C:\Users\Jerrod\Documents\Noggit3Git\src\Directory.h">
      <Filter>Header Files</Filter>
    </ClInclude>
    <ClInclude Include="C:\Users\Jerrod\Documents\Noggit3Git\src\Environment.h">
      <Filter>Header Files</Filter>
    </ClInclude>
    <ClInclude Include="C:\Users\Jerrod\Documents\Noggit3Git\src\FreeType.h">
      <Filter>Header Files</Filter>
    </ClInclude>
    <ClInclude Include="C:\Users\Jerrod\Documents\Noggit3Git\src\Frustum.h">
      <Filter>Header Files</Filter>
    </ClInclude>
    <ClInclude Include="C:\Users\Jerrod\Documents\Noggit3Git\src\Liquid.h">
      <Filter>Header Files</Filter>
    </ClInclude>
    <ClInclude Include="C:\Users\Jerrod\Documents\Noggit3Git\src\Log.h">
      <Filter>Header Files</Filter>
    </ClInclude>
    <ClInclude Include="C:\Users\Jerrod\Documents\Noggit3Git\src\MPQ.h">
      <Filter>Header Files</Filter>
    </ClInclude>
    <ClInclude Include="C:\Users\Jerrod\Documents\Noggit3Git\src\Manager.h">
      <Filter>Header Files</Filter>
    </ClInclude>
    <ClInclude Include="C:\Users\Jerrod\Documents\Noggit3Git\src\MapChunk.h">
      <Filter>Header Files</Filter>
    </ClInclude>
    <ClInclude Include="C:\Users\Jerrod\Documents\Noggit3Git\src\MapHeaders.h">
      <Filter>Header Files</Filter>
    </ClInclude>
    <ClInclude Include="C:\Users\Jerrod\Documents\Noggit3Git\src\MapIndex.h">
      <Filter>Header Files</Filter>
    </ClInclude>
    <ClInclude Include="C:\Users\Jerrod\Documents\Noggit3Git\src\MapTile.h">
      <Filter>Header Files</Filter>
    </ClInclude>
    <ClInclude Include="C:\Users\Jerrod\Documents\Noggit3Git\src\MapView.h">
      <Filter>Header Files</Filter>
    </ClInclude>
    <ClInclude Include="C:\Users\Jerrod\Documents\Noggit3Git\src\Matrix.h">
      <Filter>Header Files</Filter>
    </ClInclude>
    <ClInclude Include="C:\Users\Jerrod\Documents\Noggit3Git\src\Menu.h">
      <Filter>Header Files</Filter>
    </ClInclude>
    <ClInclude Include="C:\Users\Jerrod\Documents\Noggit3Git\src\Misc.h">
      <Filter>Header Files</Filter>
    </ClInclude>
    <ClInclude Include="C:\Users\Jerrod\Documents\Noggit3Git\src\Model.h">
      <Filter>Header Files</Filter>
    </ClInclude>
    <ClInclude Include="C:\Users\Jerrod\Documents\Noggit3Git\src\ModelHeaders.h">
      <Filter>Header Files</Filter>
    </ClInclude>
    <ClInclude Include="C:\Users\Jerrod\Documents\Noggit3Git\src\ModelInstance.h">
      <Filter>Header Files</Filter>
    </ClInclude>
    <ClInclude Include="C:\Users\Jerrod\Documents\Noggit3Git\src\ModelManager.h">
      <Filter>Header Files</Filter>
    </ClInclude>
    <ClInclude Include="C:\Users\Jerrod\Documents\Noggit3Git\src\Noggit.h">
      <Filter>Header Files</Filter>
    </ClInclude>
    <ClInclude Include="C:\Users\Jerrod\Documents\Noggit3Git\src\Particle.h">
      <Filter>Header Files</Filter>
    </ClInclude>
    <ClInclude Include="C:\Users\Jerrod\Documents\Noggit3Git\src\Project.h">
      <Filter>Header Files</Filter>
    </ClInclude>
    <ClInclude Include="C:\Users\Jerrod\Documents\Noggit3Git\src\Quaternion.h">
      <Filter>Header Files</Filter>
    </ClInclude>
    <ClInclude Include="C:\Users\Jerrod\Documents\Noggit3Git\src\Selection.h">
      <Filter>Header Files</Filter>
    </ClInclude>
    <ClInclude Include="C:\Users\Jerrod\Documents\Noggit3Git\src\Settings.h">
      <Filter>Header Files</Filter>
    </ClInclude>
    <ClInclude Include="C:\Users\Jerrod\Documents\Noggit3Git\src\Shaders.h">
      <Filter>Header Files</Filter>
    </ClInclude>
    <ClInclude Include="C:\Users\Jerrod\Documents\Noggit3Git\src\Sky.h">
      <Filter>Header Files</Filter>
    </ClInclude>
    <ClInclude Include="C:\Users\Jerrod\Documents\Noggit3Git\src\StateMachine.h">
      <Filter>Header Files</Filter>
    </ClInclude>
    <ClInclude Include="C:\Users\Jerrod\Documents\Noggit3Git\src\TextureManager.h">
      <Filter>Header Files</Filter>
    </ClInclude>
    <ClInclude Include="C:\Users\Jerrod\Documents\Noggit3Git\src\TextureSet.h">
      <Filter>Header Files</Filter>
    </ClInclude>
    <ClInclude Include="C:\Users\Jerrod\Documents\Noggit3Git\src\TileWater.h">
      <Filter>Header Files</Filter>
    </ClInclude>
    <ClInclude Include="C:\Users\Jerrod\Documents\Noggit3Git\src\UIAbout.h">
      <Filter>Header Files</Filter>
    </ClInclude>
    <ClInclude Include="C:\Users\Jerrod\Documents\Noggit3Git\src\UIAlphamap.h">
      <Filter>Header Files</Filter>
    </ClInclude>
    <ClInclude Include="C:\Users\Jerrod\Documents\Noggit3Git\src\UIAppInfo.h">
      <Filter>Header Files</Filter>
    </ClInclude>
    <ClInclude Include="C:\Users\Jerrod\Documents\Noggit3Git\src\UIButton.h">
      <Filter>Header Files</Filter>
    </ClInclude>
    <ClInclude Include="C:\Users\Jerrod\Documents\Noggit3Git\src\UICapsWarning.h">
      <Filter>Header Files</Filter>
    </ClInclude>
    <ClInclude Include="C:\Users\Jerrod\Documents\Noggit3Git\src\UICheckBox.h">
      <Filter>Header Files</Filter>
    </ClInclude>
    <ClInclude Include="C:\Users\Jerrod\Documents\Noggit3Git\src\UICloseWindow.h">
      <Filter>Header Files</Filter>
    </ClInclude>
    <ClInclude Include="C:\Users\Jerrod\Documents\Noggit3Git\src\UICurrentTexture.h">
      <Filter>Header Files</Filter>
    </ClInclude>
    <ClInclude Include="C:\Users\Jerrod\Documents\Noggit3Git\src\UICursorSwitcher.h">
      <Filter>Header Files</Filter>
    </ClInclude>
    <ClInclude Include="C:\Users\Jerrod\Documents\Noggit3Git\src\UIDetailInfos.h">
      <Filter>Header Files</Filter>
    </ClInclude>
    <ClInclude Include="C:\Users\Jerrod\Documents\Noggit3Git\src\UIDoodadSpawner.h">
      <Filter>Header Files</Filter>
    </ClInclude>
    <ClInclude Include="C:\Users\Jerrod\Documents\Noggit3Git\src\UIEventClasses.h">
      <Filter>Header Files</Filter>
    </ClInclude>
    <ClInclude Include="C:\Users\Jerrod\Documents\Noggit3Git\src\UIExitWarning.h">
      <Filter>Header Files</Filter>
    </ClInclude>
    <ClInclude Include="C:\Users\Jerrod\Documents\Noggit3Git\src\UIFrame.h">
      <Filter>Header Files</Filter>
    </ClInclude>
    <ClInclude Include="C:\Users\Jerrod\Documents\Noggit3Git\src\UIGradient.h">
      <Filter>Header Files</Filter>
    </ClInclude>
    <ClInclude Include="C:\Users\Jerrod\Documents\Noggit3Git\src\UIHelp.h">
      <Filter>Header Files</Filter>
    </ClInclude>
    <ClInclude Include="C:\Users\Jerrod\Documents\Noggit3Git\src\UIHelperModels.h">
      <Filter>Header Files</Filter>
    </ClInclude>
    <ClInclude Include="C:\Users\Jerrod\Documents\Noggit3Git\src\UIListView.h">
      <Filter>Header Files</Filter>
    </ClInclude>
    <ClInclude Include="C:\Users\Jerrod\Documents\Noggit3Git\src\UIMapViewGUI.h">
      <Filter>Header Files</Filter>
    </ClInclude>
    <ClInclude Include="C:\Users\Jerrod\Documents\Noggit3Git\src\UIMenuBar.h">
      <Filter>Header Files</Filter>
    </ClInclude>
    <ClInclude Include="C:\Users\Jerrod\Documents\Noggit3Git\src\UIMinimapWindow.h">
      <Filter>Header Files</Filter>
    </ClInclude>
    <ClInclude Include="C:\Users\Jerrod\Documents\Noggit3Git\src\UIMinimizeButton.h">
      <Filter>Header Files</Filter>
    </ClInclude>
    <ClInclude Include="C:\Users\Jerrod\Documents\Noggit3Git\src\UIModel.h">
      <Filter>Header Files</Filter>
    </ClInclude>
    <ClInclude Include="C:\Users\Jerrod\Documents\Noggit3Git\src\UIModelImport.h">
      <Filter>Header Files</Filter>
    </ClInclude>
    <ClInclude Include="C:\Users\Jerrod\Documents\Noggit3Git\src\UIModelSelectorFromTxt.h">
      <Filter>Header Files</Filter>
    </ClInclude>
    <ClInclude Include="C:\Users\Jerrod\Documents\Noggit3Git\src\UIObjectEditor.h">
      <Filter>Header Files</Filter>
    </ClInclude>
    <ClInclude Include="C:\Users\Jerrod\Documents\Noggit3Git\src\UIRotationEditor.h">
      <Filter>Header Files</Filter>
    </ClInclude>
    <ClInclude Include="C:\Users\Jerrod\Documents\Noggit3Git\src\UIScrollBar.h">
      <Filter>Header Files</Filter>
    </ClInclude>
    <ClInclude Include="C:\Users\Jerrod\Documents\Noggit3Git\src\UIScrollableFrame.h">
      <Filter>Header Files</Filter>
    </ClInclude>
    <ClInclude Include="C:\Users\Jerrod\Documents\Noggit3Git\src\UISlider.h">
      <Filter>Header Files</Filter>
    </ClInclude>
    <ClInclude Include="C:\Users\Jerrod\Documents\Noggit3Git\src\UIStatusBar.h">
      <Filter>Header Files</Filter>
    </ClInclude>
    <ClInclude Include="C:\Users\Jerrod\Documents\Noggit3Git\src\UIText.h">
      <Filter>Header Files</Filter>
    </ClInclude>
    <ClInclude Include="C:\Users\Jerrod\Documents\Noggit3Git\src\UITextBox.h">
      <Filter>Header Files</Filter>
    </ClInclude>
    <ClInclude Include="C:\Users\Jerrod\Documents\Noggit3Git\src\UITexture.h">
      <Filter>Header Files</Filter>
    </ClInclude>
    <ClInclude Include="C:\Users\Jerrod\Documents\Noggit3Git\src\UITexturePicker.h">
      <Filter>Header Files</Filter>
    </ClInclude>
    <ClInclude Include="C:\Users\Jerrod\Documents\Noggit3Git\src\UITextureSwitcher.h">
      <Filter>Header Files</Filter>
    </ClInclude>
    <ClInclude Include="C:\Users\Jerrod\Documents\Noggit3Git\src\UITexturingGUI.h">
      <Filter>Header Files</Filter>
    </ClInclude>
    <ClInclude Include="C:\Users\Jerrod\Documents\Noggit3Git\src\UIToggleGroup.h">
      <Filter>Header Files</Filter>
    </ClInclude>
    <ClInclude Include="C:\Users\Jerrod\Documents\Noggit3Git\src\UIToolbar.h">
      <Filter>Header Files</Filter>
    </ClInclude>
    <ClInclude Include="C:\Users\Jerrod\Documents\Noggit3Git\src\UIToolbarIcon.h">
      <Filter>Header Files</Filter>
    </ClInclude>
    <ClInclude Include="C:\Users\Jerrod\Documents\Noggit3Git\src\UITreeView.h">
      <Filter>Header Files</Filter>
    </ClInclude>
    <ClInclude Include="C:\Users\Jerrod\Documents\Noggit3Git\src\UIWater.h">
      <Filter>Header Files</Filter>
    </ClInclude>
    <ClInclude Include="C:\Users\Jerrod\Documents\Noggit3Git\src\UIWaterSaveWarning.h">
      <Filter>Header Files</Filter>
    </ClInclude>
    <ClInclude Include="C:\Users\Jerrod\Documents\Noggit3Git\src\UIWaterTypeBrowser.h">
      <Filter>Header Files</Filter>
    </ClInclude>
    <ClInclude Include="C:\Users\Jerrod\Documents\Noggit3Git\src\UIWindow.h">
      <Filter>Header Files</Filter>
    </ClInclude>
    <ClInclude Include="C:\Users\Jerrod\Documents\Noggit3Git\src\UIZoneIDBrowser.h">
      <Filter>Header Files</Filter>
    </ClInclude>
    <ClInclude Include="C:\Users\Jerrod\Documents\Noggit3Git\src\Utils.h">
      <Filter>Header Files</Filter>
    </ClInclude>
    <ClInclude Include="C:\Users\Jerrod\Documents\Noggit3Git\src\Vec3D.h">
      <Filter>Header Files</Filter>
    </ClInclude>
    <ClInclude Include="C:\Users\Jerrod\Documents\Noggit3Git\src\Video.h">
      <Filter>Header Files</Filter>
    </ClInclude>
    <ClInclude Include="C:\Users\Jerrod\Documents\Noggit3Git\src\WMO.h">
      <Filter>Header Files</Filter>
    </ClInclude>
    <ClInclude Include="C:\Users\Jerrod\Documents\Noggit3Git\src\WMOInstance.h">
      <Filter>Header Files</Filter>
    </ClInclude>
    <ClInclude Include="C:\Users\Jerrod\Documents\Noggit3Git\src\World.h">
      <Filter>Header Files</Filter>
    </ClInclude>
    <ClInclude Include="C:\Users\Jerrod\Documents\Noggit3Git\src\errorHandling.h">
      <Filter>Header Files</Filter>
    </ClInclude>
    <ClInclude Include="C:\Users\Jerrod\Documents\Noggit3Git\src\resource.h">
      <Filter>Header Files</Filter>
    </ClInclude>
  </ItemGroup>
  <ItemGroup>
    <CustomBuild Include="C:\Users\Jerrod\Documents\Noggit3Git\CMakeLists.txt" />
  </ItemGroup>
  <ItemGroup>
    <None Include="C:\Users\Jerrod\Documents\Noggit3Git\src\MSGPACK.H" />
    <None Include="C:\Users\Jerrod\Documents\Noggit3Git\src\PKTDEF.H" />
    <None Include="C:\Users\Jerrod\Documents\Noggit3Git\src\WINTAB.H" />
  </ItemGroup>
  <ItemGroup>
    <ResourceCompile Include="C:\Users\Jerrod\Documents\Noggit3Git\media\res.rc">
      <Filter>Source Files</Filter>
    </ResourceCompile>
  </ItemGroup>
  <ItemGroup>
    <Filter Include="Source Files">
      <UniqueIdentifier>{C5705666-7890-3405-9C8D-99E7B3BB7899}</UniqueIdentifier>
    </Filter>
    <Filter Include="Header Files">
      <UniqueIdentifier>{52402379-F26B-390B-9A31-5E31DACA1945}</UniqueIdentifier>
    </Filter>
  </ItemGroup>
</Project>
